lockfileVersion: 5.4

specifiers:
  '@babylonjs/core': ^5.25.0
  '@babylonjs/gui': ^5.23.0
  '@babylonjs/gui-editor': ^5.23.0
  '@babylonjs/inspector': ^5.27.0
  '@babylonjs/loaders': ^5.25.0
  '@babylonjs/materials': ^5.23.0
  '@babylonjs/serializers': ^5.23.0
  gsap: ^3.11.2
  typescript: ^4.8.3
  vite: ^3.1.3

dependencies:
  '@babylonjs/core': 5.25.0
  '@babylonjs/gui': 5.27.0_@babylonjs+core@5.25.0
  '@babylonjs/gui-editor': 5.27.0_oryq6u4nmzvji57zucng5gmjmi
  '@babylonjs/loaders': 5.25.0_rcy6vv4tyjtop7xi3vd276ypxi
  '@babylonjs/materials': 5.27.0_@babylonjs+core@5.25.0
  '@babylonjs/serializers': 5.27.0_rcy6vv4tyjtop7xi3vd276ypxi
  gsap: 3.11.2

devDependencies:
  '@babylonjs/inspector': 5.27.0_cltptqbybk63rzu3rgrngvnq6u
  typescript: 4.8.3
  vite: 3.1.3

packages:

  /@babylonjs/core/5.25.0:
    resolution: {integrity: sha512-pjUCrT5OPuJ0UU3bPtzovkRK+Xxl9bd1pIPG7aulqsC2Ci/hxiDNL2SwQnX9J/lcV5x6LTDyMUJ0IXSW8W+2sw==}

  /@babylonjs/gui-editor/5.27.0_oryq6u4nmzvji57zucng5gmjmi:
    resolution: {integrity: sha512-tD95jiPtyQ+psknk54Qny81zYHj+HsIgePKBcDaphudPGNP+qQm6bL/Y/F+tJ+585BMNxwdx+IuONukx9aLKTQ==}
    peerDependencies:
      '@babylonjs/core': ^5.22.0
      '@babylonjs/gui': ^5.22.0
      '@types/react': '>=16.7.3'
      '@types/react-dom': '>=16.0.9'
    dependencies:
      '@babylonjs/core': 5.25.0
      '@babylonjs/gui': 5.27.0_@babylonjs+core@5.25.0
      '@types/react': 18.0.21
      '@types/react-dom': 18.0.6

  /@babylonjs/gui/5.27.0_@babylonjs+core@5.25.0:
    resolution: {integrity: sha512-/JELQ4BsgGBhEJWH9Pnw8OqfdhxzXA5RaF8jgIvDZZbUyh27SvulsXtv/rHxu0ulyXSC32hHhTPQb48NScTNbQ==}
    peerDependencies:
      '@babylonjs/core': ^5.22.0
    dependencies:
      '@babylonjs/core': 5.25.0

  /@babylonjs/inspector/5.27.0_cltptqbybk63rzu3rgrngvnq6u:
    resolution: {integrity: sha512-yq8jq4NmX1pI5VoCRTItR2NkEnZ6W7eSSwc6x2TaMHUvZgsL6HOl9lBtcegGZZnGhQFBnq/+ussNmDtx+Sexng==}
    peerDependencies:
      '@babylonjs/core': ^5.22.0
      '@babylonjs/gui': ^5.22.0
      '@babylonjs/gui-editor': ^5.22.0
      '@babylonjs/loaders': ^5.22.0
      '@babylonjs/materials': ^5.22.0
      '@babylonjs/serializers': ^5.22.0
      '@types/react': '>=16.7.3'
      '@types/react-dom': '>=16.0.9'
    dependencies:
      '@babylonjs/core': 5.25.0
      '@babylonjs/gui': 5.27.0_@babylonjs+core@5.25.0
      '@babylonjs/gui-editor': 5.27.0_oryq6u4nmzvji57zucng5gmjmi
      '@babylonjs/loaders': 5.25.0_rcy6vv4tyjtop7xi3vd276ypxi
      '@babylonjs/materials': 5.27.0_@babylonjs+core@5.25.0
      '@babylonjs/serializers': 5.27.0_rcy6vv4tyjtop7xi3vd276ypxi
      '@fortawesome/fontawesome-svg-core': 6.2.0
      '@fortawesome/free-regular-svg-icons': 6.2.0
      '@fortawesome/free-solid-svg-icons': 6.2.0
      '@types/react': 18.0.21
      '@types/react-dom': 18.0.6
    dev: true

  /@babylonjs/loaders/5.25.0_rcy6vv4tyjtop7xi3vd276ypxi:
    resolution: {integrity: sha512-JMSjypYIRRzyBfvBfvjNsOfnU5ZxPrJKg8EvYJs3DBY1PYfkxvZdh22iJodLo5qFBcEe7CvSbmzKGVbb3dw98A==}
    peerDependencies:
      '@babylonjs/core': ^5.22.0
      babylonjs-gltf2interface: ^5.22.0
    dependencies:
      '@babylonjs/core': 5.25.0
      babylonjs-gltf2interface: 5.27.0

  /@babylonjs/materials/5.27.0_@babylonjs+core@5.25.0:
    resolution: {integrity: sha512-9d/yaUozy+O7+0KKotmoV1Kq1hA4/FFNVVMPGhv+XaxznQN/lb1f2KUKqupcksd0QoLom9z484qVXQhAfnBuLA==}
    peerDependencies:
      '@babylonjs/core': ^5.22.0
    dependencies:
      '@babylonjs/core': 5.25.0

  /@babylonjs/serializers/5.27.0_rcy6vv4tyjtop7xi3vd276ypxi:
    resolution: {integrity: sha512-dcUtD+HLoQ+FOHR8Mn2oqU89A1us/7BnKOD9Lwr8GEJ50zuZWEscgkqrqaM9Sf6Xjsbh8ihiqtaMAsLZypgr3Q==}
    peerDependencies:
      '@babylonjs/core': ^5.22.0
      babylonjs-gltf2interface: ^5.22.0
    dependencies:
      '@babylonjs/core': 5.25.0
      babylonjs-gltf2interface: 5.27.0

  /@esbuild/android-arm/0.15.9:
    resolution: {integrity: sha512-VZPy/ETF3fBG5PiinIkA0W/tlsvlEgJccyN2DzWZEl0DlVKRbu91PvY2D6Lxgluj4w9QtYHjOWjAT44C+oQ+EQ==}
    engines: {node: '>=12'}
    cpu: [arm]
    os: [android]
    requiresBuild: true
    dev: true
    optional: true

  /@esbuild/linux-loong64/0.15.9:
    resolution: {integrity: sha512-O+NfmkfRrb3uSsTa4jE3WApidSe3N5++fyOVGP1SmMZi4A3BZELkhUUvj5hwmMuNdlpzAZ8iAPz2vmcR7DCFQA==}
    engines: {node: '>=12'}
    cpu: [loong64]
    os: [linux]
    requiresBuild: true
    dev: true
    optional: true

  /@fortawesome/fontawesome-common-types/6.2.0:
    resolution: {integrity: sha512-rBevIsj2nclStJ7AxTdfsa3ovHb1H+qApwrxcTVo+NNdeJiB9V75hsKfrkG5AwNcRUNxrPPiScGYCNmLMoh8pg==}
    engines: {node: '>=6'}
    requiresBuild: true
    dev: true

  /@fortawesome/fontawesome-svg-core/6.2.0:
    resolution: {integrity: sha512-Cf2mAAeMWFMzpLC7Y9H1I4o3wEU+XovVJhTiNG8ZNgSQj53yl7OCJaS80K4YjrABWZzbAHVaoHE1dVJ27AAYXw==}
    engines: {node: '>=6'}
    requiresBuild: true
    dependencies:
      '@fortawesome/fontawesome-common-types': 6.2.0
    dev: true

  /@fortawesome/free-regular-svg-icons/6.2.0:
    resolution: {integrity: sha512-M1dG+PAmkYMTL9BSUHFXY5oaHwBYfHCPhbJ8qj8JELsc9XCrUJ6eEHWip4q0tE+h9C0DVyFkwIM9t7QYyCpprQ==}
    engines: {node: '>=6'}
    requiresBuild: true
    dependencies:
      '@fortawesome/fontawesome-common-types': 6.2.0
    dev: true

  /@fortawesome/free-solid-svg-icons/6.2.0:
    resolution: {integrity: sha512-UjCILHIQ4I8cN46EiQn0CZL/h8AwCGgR//1c4R96Q5viSRwuKVo0NdQEc4bm+69ZwC0dUvjbDqAHF1RR5FA3XA==}
    engines: {node: '>=6'}
    requiresBuild: true
    dependencies:
      '@fortawesome/fontawesome-common-types': 6.2.0
    dev: true

  /@types/prop-types/15.7.5:
    resolution: {integrity: sha512-JCB8C6SnDoQf0cNycqd/35A7MjcnK+ZTqE7judS6o7utxUCg6imJg3QK2qzHKszlTjcj2cn+NwMB2i96ubpj7w==}

  /@types/react-dom/18.0.6:
    resolution: {integrity: sha512-/5OFZgfIPSwy+YuIBP/FgJnQnsxhZhjjrnxudMddeblOouIodEQ75X14Rr4wGSG/bknL+Omy9iWlLo1u/9GzAA==}
    dependencies:
      '@types/react': 18.0.21

  /@types/react/18.0.21:
    resolution: {integrity: sha512-7QUCOxvFgnD5Jk8ZKlUAhVcRj7GuJRjnjjiY/IUBWKgOlnvDvTMLD4RTF7NPyVmbRhNrbomZiOepg7M/2Kj1mA==}
    dependencies:
      '@types/prop-types': 15.7.5
      '@types/scheduler': 0.16.2
      csstype: 3.1.1

  /@types/scheduler/0.16.2:
    resolution: {integrity: sha512-hppQEBDmlwhFAXKJX2KnWLYu5yMfi91yazPb2l+lbJiwW+wdo1gNeRA+3RgNSO39WYX2euey41KEwnqesU2Jew==}

  /babylonjs-gltf2interface/5.27.0:
    resolution: {integrity: sha512-9K1AFWVbIjvfWgZZ7cgWgzqSm+YHR2Z55zvj4pGYgA4dKZledNi4+ft4M9iRGjGYQviCIwf45acq2hHFdMOU3Q==}

  /csstype/3.1.1:
    resolution: {integrity: sha512-DJR/VvkAvSZW9bTouZue2sSxDwdTN92uHjqeKVm+0dAqdfNykRzQ95tay8aXMBAAPpUiq4Qcug2L7neoRh2Egw==}

  /esbuild-android-64/0.15.9:
    resolution: {integrity: sha512-HQCX7FJn9T4kxZQkhPjNZC7tBWZqJvhlLHPU2SFzrQB/7nDXjmTIFpFTjt7Bd1uFpeXmuwf5h5fZm+x/hLnhbw==}
    engines: {node: '>=12'}
    cpu: [x64]
    os: [android]
    requiresBuild: true
    dev: true
    optional: true

  /esbuild-android-arm64/0.15.9:
    resolution: {integrity: sha512-E6zbLfqbFVCNEKircSHnPiSTsm3fCRxeIMPfrkS33tFjIAoXtwegQfVZqMGR0FlsvVxp2NEDOUz+WW48COCjSg==}
    engines: {node: '>=12'}
    cpu: [arm64]
    os: [android]
    requiresBuild: true
    dev: true
    optional: true

  /esbuild-darwin-64/0.15.9:
    resolution: {integrity: sha512-gI7dClcDN/HHVacZhTmGjl0/TWZcGuKJ0I7/xDGJwRQQn7aafZGtvagOFNmuOq+OBFPhlPv1T6JElOXb0unkSQ==}
    engines: {node: '>=12'}
    cpu: [x64]
    os: [darwin]
    requiresBuild: true
    dev: true
    optional: true

  /esbuild-darwin-arm64/0.15.9:
    resolution: {integrity: sha512-VZIMlcRN29yg/sv7DsDwN+OeufCcoTNaTl3Vnav7dL/nvsApD7uvhVRbgyMzv0zU/PP0xRhhIpTyc7lxEzHGSw==}
    engines: {node: '>=12'}
    cpu: [arm64]
    os: [darwin]
    requiresBuild: true
    dev: true
    optional: true

  /esbuild-freebsd-64/0.15.9:
    resolution: {integrity: sha512-uM4z5bTvuAXqPxrI204txhlsPIolQPWRMLenvGuCPZTnnGlCMF2QLs0Plcm26gcskhxewYo9LkkmYSS5Czrb5A==}
    engines: {node: '>=12'}
    cpu: [x64]
    os: [freebsd]
    requiresBuild: true
    dev: true
    optional: true

  /esbuild-freebsd-arm64/0.15.9:
    resolution: {integrity: sha512-HHDjT3O5gWzicGdgJ5yokZVN9K9KG05SnERwl9nBYZaCjcCgj/sX8Ps1jvoFSfNCO04JSsHSOWo4qvxFuj8FoA==}
    engines: {node: '>=12'}
    cpu: [arm64]
    os: [freebsd]
    requiresBuild: true
    dev: true
    optional: true

  /esbuild-linux-32/0.15.9:
    resolution: {integrity: sha512-AQIdE8FugGt1DkcekKi5ycI46QZpGJ/wqcMr7w6YUmOmp2ohQ8eO4sKUsOxNOvYL7hGEVwkndSyszR6HpVHLFg==}
    engines: {node: '>=12'}
    cpu: [ia32]
    os: [linux]
    requiresBuild: true
    dev: true
    optional: true

  /esbuild-linux-64/0.15.9:
    resolution: {integrity: sha512-4RXjae7g6Qs7StZyiYyXTZXBlfODhb1aBVAjd+ANuPmMhWthQilWo7rFHwJwL7DQu1Fjej2sODAVwLbcIVsAYQ==}
    engines: {node: '>=12'}
    cpu: [x64]
    os: [linux]
    requiresBuild: true
    dev: true
    optional: true

  /esbuild-linux-arm/0.15.9:
    resolution: {integrity: sha512-3Zf2GVGUOI7XwChH3qrnTOSqfV1V4CAc/7zLVm4lO6JT6wbJrTgEYCCiNSzziSju+J9Jhf9YGWk/26quWPC6yQ==}
    engines: {node: '>=12'}
    cpu: [arm]
    os: [linux]
    requiresBuild: true
    dev: true
    optional: true

  /esbuild-linux-arm64/0.15.9:
    resolution: {integrity: sha512-a+bTtxJmYmk9d+s2W4/R1SYKDDAldOKmWjWP0BnrWtDbvUBNOm++du0ysPju4mZVoEFgS1yLNW+VXnG/4FNwdQ==}
    engines: {node: '>=12'}
    cpu: [arm64]
    os: [linux]
    requiresBuild: true
    dev: true
    optional: true

  /esbuild-linux-mips64le/0.15.9:
    resolution: {integrity: sha512-Zn9HSylDp89y+TRREMDoGrc3Z4Hs5u56ozZLQCiZAUx2+HdbbXbWdjmw3FdTJ/i7t5Cew6/Q+6kfO3KCcFGlyw==}
    engines: {node: '>=12'}
    cpu: [mips64el]
    os: [linux]
    requiresBuild: true
    dev: true
    optional: true

  /esbuild-linux-ppc64le/0.15.9:
    resolution: {integrity: sha512-OEiOxNAMH9ENFYqRsWUj3CWyN3V8P3ZXyfNAtX5rlCEC/ERXrCEFCJji/1F6POzsXAzxvUJrTSTCy7G6BhA6Fw==}
    engines: {node: '>=12'}
    cpu: [ppc64]
    os: [linux]
    requiresBuild: true
    dev: true
    optional: true

  /esbuild-linux-riscv64/0.15.9:
    resolution: {integrity: sha512-ukm4KsC3QRausEFjzTsOZ/qqazw0YvJsKmfoZZm9QW27OHjk2XKSQGGvx8gIEswft/Sadp03/VZvAaqv5AIwNA==}
    engines: {node: '>=12'}
    cpu: [riscv64]
    os: [linux]
    requiresBuild: true
    dev: true
    optional: true

  /esbuild-linux-s390x/0.15.9:
    resolution: {integrity: sha512-uDOQEH55wQ6ahcIKzQr3VyjGc6Po/xblLGLoUk3fVL1qjlZAibtQr6XRfy5wPJLu/M2o0vQKLq4lyJ2r1tWKcw==}
    engines: {node: '>=12'}
    cpu: [s390x]
    os: [linux]
    requiresBuild: true
    dev: true
    optional: true

  /esbuild-netbsd-64/0.15.9:
    resolution: {integrity: sha512-yWgxaYTQz+TqX80wXRq6xAtb7GSBAp6gqLKfOdANg9qEmAI1Bxn04IrQr0Mzm4AhxvGKoHzjHjMgXbCCSSDxcw==}
    engines: {node: '>=12'}
    cpu: [x64]
    os: [netbsd]
    requiresBuild: true
    dev: true
    optional: true

  /esbuild-openbsd-64/0.15.9:
    resolution: {integrity: sha512-JmS18acQl4iSAjrEha1MfEmUMN4FcnnrtTaJ7Qg0tDCOcgpPPQRLGsZqhes0vmx8VA6IqRyScqXvaL7+Q0Uf3A==}
    engines: {node: '>=12'}
    cpu: [x64]
    os: [openbsd]
    requiresBuild: true
    dev: true
    optional: true

  /esbuild-sunos-64/0.15.9:
    resolution: {integrity: sha512-UKynGSWpzkPmXW3D2UMOD9BZPIuRaSqphxSCwScfEE05Be3KAmvjsBhht1fLzKpiFVJb0BYMd4jEbWMyJ/z1hQ==}
    engines: {node: '>=12'}
    cpu: [x64]
    os: [sunos]
    requiresBuild: true
    dev: true
    optional: true

  /esbuild-windows-32/0.15.9:
    resolution: {integrity: sha512-aqXvu4/W9XyTVqO/hw3rNxKE1TcZiEYHPsXM9LwYmKSX9/hjvfIJzXwQBlPcJ/QOxedfoMVH0YnhhQ9Ffb0RGA==}
    engines: {node: '>=12'}
    cpu: [ia32]
    os: [win32]
    requiresBuild: true
    dev: true
    optional: true

  /esbuild-windows-64/0.15.9:
    resolution: {integrity: sha512-zm7h91WUmlS4idMtjvCrEeNhlH7+TNOmqw5dJPJZrgFaxoFyqYG6CKDpdFCQXdyKpD5yvzaQBOMVTCBVKGZDEg==}
    engines: {node: '>=12'}
    cpu: [x64]
    os: [win32]
    requiresBuild: true
    dev: true
    optional: true

  /esbuild-windows-arm64/0.15.9:
    resolution: {integrity: sha512-yQEVIv27oauAtvtuhJVfSNMztJJX47ismRS6Sv2QMVV9RM+6xjbMWuuwM2nxr5A2/gj/mu2z9YlQxiwoFRCfZA==}
    engines: {node: '>=12'}
    cpu: [arm64]
    os: [win32]
    requiresBuild: true
    dev: true
    optional: true

  /esbuild/0.15.9:
    resolution: {integrity: sha512-OnYr1rkMVxtmMHIAKZLMcEUlJmqcbxBz9QoBU8G9v455na0fuzlT/GLu6l+SRghrk0Mm2fSSciMmzV43Q8e0Gg==}
    engines: {node: '>=12'}
    hasBin: true
    requiresBuild: true
    optionalDependencies:
      '@esbuild/android-arm': 0.15.9
      '@esbuild/linux-loong64': 0.15.9
      esbuild-android-64: 0.15.9
      esbuild-android-arm64: 0.15.9
      esbuild-darwin-64: 0.15.9
      esbuild-darwin-arm64: 0.15.9
      esbuild-freebsd-64: 0.15.9
      esbuild-freebsd-arm64: 0.15.9
      esbuild-linux-32: 0.15.9
      esbuild-linux-64: 0.15.9
      esbuild-linux-arm: 0.15.9
      esbuild-linux-arm64: 0.15.9
      esbuild-linux-mips64le: 0.15.9
      esbuild-linux-ppc64le: 0.15.9
      esbuild-linux-riscv64: 0.15.9
      esbuild-linux-s390x: 0.15.9
      esbuild-netbsd-64: 0.15.9
      esbuild-openbsd-64: 0.15.9
      esbuild-sunos-64: 0.15.9
      esbuild-windows-32: 0.15.9
      esbuild-windows-64: 0.15.9
      esbuild-windows-arm64: 0.15.9
    dev: true

  /fsevents/2.3.2:
    resolution: {integrity: sha512-xiqMQR4xAeHTuB9uWm+fFRcIOgKBMiOBP+eXiyT7jsgVCq1bkVygt00oASowB7EdtpOHaaPgKt812P9ab+DDKA==}
    engines: {node: ^8.16.0 || ^10.6.0 || >=11.0.0}
    os: [darwin]
    requiresBuild: true
    dev: true
    optional: true

  /function-bind/1.1.1:
    resolution: {integrity: sha512-yIovAzMX49sF8Yl58fSCWJ5svSLuaibPxXQJFLmBObTuCr0Mf1KiPopGM9NiFjiYBCbfaa2Fh6breQ6ANVTI0A==}
    dev: true

  /gsap/3.11.2:
    resolution: {integrity: sha512-y1NSjM2i2yCjLtoNuoyIhhh9kmYOpFEU9su1EbHuZGN3OWr8M6NIjNHBurSWu/blbHAPQqGm7mUIokSxqTTp2Q==}
    dev: false

  /has/1.0.3:
    resolution: {integrity: sha512-f2dvO0VU6Oej7RkWJGrehjbzMAjFp5/VKPp5tTpWIV4JHHZK1/BxbFRtf/siA2SWTe09caDmVtYYzWEIbBS4zw==}
    engines: {node: '>= 0.4.0'}
    dependencies:
      function-bind: 1.1.1
    dev: true

  /is-core-module/2.10.0:
    resolution: {integrity: sha512-Erxj2n/LDAZ7H8WNJXd9tw38GYM3dv8rk8Zcs+jJuxYTW7sozH+SS8NtrSjVL1/vpLvWi1hxy96IzjJ3EHTJJg==}
    dependencies:
      has: 1.0.3
    dev: true

  /nanoid/3.3.4:
    resolution: {integrity: sha512-MqBkQh/OHTS2egovRtLk45wEyNXwF+cokD+1YPf9u5VfJiRdAiRwB2froX5Co9Rh20xs4siNPm8naNotSD6RBw==}
    engines: {node: ^10 || ^12 || ^13.7 || ^14 || >=15.0.1}
    hasBin: true
    dev: true

  /path-parse/1.0.7:
    resolution: {integrity: sha512-LDJzPVEEEPR+y48z93A0Ed0yXb8pAByGWo/k5YYdYgpY2/2EsOsksJrq7lOHxryrVOn1ejG6oAp8ahvOIQD8sw==}
    dev: true

  /picocolors/1.0.0:
    resolution: {integrity: sha512-1fygroTLlHu66zi26VoTDv8yRgm0Fccecssto+MhsZ0D/DGW2sm8E8AjW7NU5VVTRt5GxbeZ5qBuJr+HyLYkjQ==}
    dev: true

  /postcss/8.4.16:
    resolution: {integrity: sha512-ipHE1XBvKzm5xI7hiHCZJCSugxvsdq2mPnsq5+UF+VHCjiBvtDrlxJfMBToWaP9D5XlgNmcFGqoHmUn0EYEaRQ==}
    engines: {node: ^10 || ^12 || >=14}
    dependencies:
      nanoid: 3.3.4
      picocolors: 1.0.0
      source-map-js: 1.0.2
    dev: true

  /resolve/1.22.1:
    resolution: {integrity: sha512-nBpuuYuY5jFsli/JIs1oldw6fOQCBioohqWZg/2hiaOybXOft4lonv85uDOKXdf8rhyK159cxU5cDcK/NKk8zw==}
    hasBin: true
    dependencies:
      is-core-module: 2.10.0
      path-parse: 1.0.7
      supports-preserve-symlinks-flag: 1.0.0
    dev: true

  /rollup/2.78.1:
    resolution: {integrity: sha512-VeeCgtGi4P+o9hIg+xz4qQpRl6R401LWEXBmxYKOV4zlF82lyhgh2hTZnheFUbANE8l2A41F458iwj2vEYaXJg==}
    engines: {node: '>=10.0.0'}
    hasBin: true
    optionalDependencies:
      fsevents: 2.3.2
    dev: true

  /source-map-js/1.0.2:
    resolution: {integrity: sha512-R0XvVJ9WusLiqTCEiGCmICCMplcCkIwwR11mOSD9CR5u+IXYdiseeEuXCVAjS54zqwkLcPNnmU4OeJ6tUrWhDw==}
    engines: {node: '>=0.10.0'}
    dev: true

  /supports-preserve-symlinks-flag/1.0.0:
    resolution: {integrity: sha512-ot0WnXS9fgdkgIcePe6RHNk1WA8+muPa6cSjeR3V8K27q9BB1rTE3R1p7Hv0z1ZyAc8s6Vvv8DIyWf681MAt0w==}
    engines: {node: '>= 0.4'}
    dev: true

  /typescript/4.8.3:
    resolution: {integrity: sha512-goMHfm00nWPa8UvR/CPSvykqf6dVV8x/dp0c5mFTMTIu0u0FlGWRioyy7Nn0PGAdHxpJZnuO/ut+PpQ8UiHAig==}
    engines: {node: '>=4.2.0'}
    hasBin: true
    dev: true

  /vite/3.1.3:
    resolution: {integrity: sha512-/3XWiktaopByM5bd8dqvHxRt5EEgRikevnnrpND0gRfNkrMrPaGGexhtLCzv15RcCMtV2CLw+BPas8YFeSG0KA==}
    engines: {node: ^14.18.0 || >=16.0.0}
    hasBin: true
    peerDependencies:
      less: '*'
      sass: '*'
      stylus: '*'
      terser: ^5.4.0
    peerDependenciesMeta:
      less:
        optional: true
      sass:
        optional: true
      stylus:
        optional: true
      terser:
        optional: true
    dependencies:
      esbuild: 0.15.9
      postcss: 8.4.16
      resolve: 1.22.1
      rollup: 2.78.1
    optionalDependencies:
      fsevents: 2.3.2
    dev: true
